
Microsoft Visual Studio Solution File, Format Version 12.00
# Visual Studio Version 17
VisualStudioVersion = 17.3.32804.467
MinimumVisualStudioVersion = 10.0.40219.1
Project("{FAE04EC0-301F-11D3-BF4B-00C04F79EFBC}") = "passwordAnalyzer", "passwordAnalyzer\passwordAnalyzer.csproj", "{A3E014CA-C0FE-48A9-9FF7-5B3F7BC10784}"
EndProject
Global
	GlobalSection(SolutionConfigurationPlatforms) = preSolution
		Debug|Any CPU = Debug|Any CPU
		Release|Any CPU = Release|Any CPU
	EndGlobalSection
	GlobalSection(ProjectConfigurationPlatforms) = postSolution
		{A3E014CA-C0FE-48A9-9FF7-5B3F7BC10784}.Debug|Any CPU.ActiveCfg = Debug|Any CPU
		{A3E014CA-C0FE-48A9-9FF7-5B3F7BC10784}.Debug|Any CPU.Build.0 = Debug|Any CPU
		{A3E014CA-C0FE-48A9-9FF7-5B3F7BC10784}.Release|Any CPU.ActiveCfg = Release|Any CPU
		{A3E014CA-C0FE-48A9-9FF7-5B3F7BC10784}.Release|Any CPU.Build.0 = Release|Any CPU
	EndGlobalSection
	GlobalSection(SolutionProperties) = preSolution
		HideSolutionNode = FALSE
	EndGlobalSection
	GlobalSection(ExtensibilityGlobals) = postSolution
		SolutionGuid = {263B653C-4A78-4D48-A661-B0351A8BDC2D}
	EndGlobalSection
EndGlobal
